
Microsoft Visual Studio Solution File, Format Version 12.00
# Visual Studio Version 16
VisualStudioVersion = 16.0.30711.63
MinimumVisualStudioVersion = 10.0.40219.1
Project("{8BC9CEB8-8B4A-11D0-8D11-00A0C91BC942}") = "AudioPlugSharpVst", "AudioPlugSharpVst\AudioPlugSharpVst.vcxproj", "{99BCC0C3-3295-4AF3-A7CF-5ED582D2FD30}"
EndProject
Project("{FAE04EC0-301F-11D3-BF4B-00C04F79EFBC}") = "AudioPlugSharp", "AudioPlugSharp\AudioPlugSharp.csproj", "{9418F8D2-A4BB-4A69-A2DC-7FD312E49D77}"
EndProject
Global
	GlobalSection(SolutionConfigurationPlatforms) = preSolution
		Debug|Any CPU = Debug|Any CPU
		Debug|x64 = Debug|x64
		Debug|x86 = Debug|x86
		Release|Any CPU = Release|Any CPU
		Release|x64 = Release|x64
		Release|x86 = Release|x86
	EndGlobalSection
	GlobalSection(ProjectConfigurationPlatforms) = postSolution
		{99BCC0C3-3295-4AF3-A7CF-5ED582D2FD30}.Debug|Any CPU.ActiveCfg = Debug|Win32
		{99BCC0C3-3295-4AF3-A7CF-5ED582D2FD30}.Debug|x64.ActiveCfg = Debug|x64
		{99BCC0C3-3295-4AF3-A7CF-5ED582D2FD30}.Debug|x64.Build.0 = Debug|x64
		{99BCC0C3-3295-4AF3-A7CF-5ED582D2FD30}.Debug|x86.ActiveCfg = Debug|Win32
		{99BCC0C3-3295-4AF3-A7CF-5ED582D2FD30}.Debug|x86.Build.0 = Debug|Win32
		{99BCC0C3-3295-4AF3-A7CF-5ED582D2FD30}.Release|Any CPU.ActiveCfg = Release|Win32
		{99BCC0C3-3295-4AF3-A7CF-5ED582D2FD30}.Release|x64.ActiveCfg = Release|x64
		{99BCC0C3-3295-4AF3-A7CF-5ED582D2FD30}.Release|x64.Build.0 = Release|x64
		{99BCC0C3-3295-4AF3-A7CF-5ED582D2FD30}.Release|x86.ActiveCfg = Release|Win32
		{99BCC0C3-3295-4AF3-A7CF-5ED582D2FD30}.Release|x86.Build.0 = Release|Win32
		{9418F8D2-A4BB-4A69-A2DC-7FD312E49D77}.Debug|Any CPU.ActiveCfg = Debug|Any CPU
		{9418F8D2-A4BB-4A69-A2DC-7FD312E49D77}.Debug|Any CPU.Build.0 = Debug|Any CPU
		{9418F8D2-A4BB-4A69-A2DC-7FD312E49D77}.Debug|x64.ActiveCfg = Debug|Any CPU
		{9418F8D2-A4BB-4A69-A2DC-7FD312E49D77}.Debug|x64.Build.0 = Debug|Any CPU
		{9418F8D2-A4BB-4A69-A2DC-7FD312E49D77}.Debug|x86.ActiveCfg = Debug|Any CPU
		{9418F8D2-A4BB-4A69-A2DC-7FD312E49D77}.Debug|x86.Build.0 = Debug|Any CPU
		{9418F8D2-A4BB-4A69-A2DC-7FD312E49D77}.Release|Any CPU.ActiveCfg = Release|Any CPU
		{9418F8D2-A4BB-4A69-A2DC-7FD312E49D77}.Release|Any CPU.Build.0 = Release|Any CPU
		{9418F8D2-A4BB-4A69-A2DC-7FD312E49D77}.Release|x64.ActiveCfg = Release|Any CPU
		{9418F8D2-A4BB-4A69-A2DC-7FD312E49D77}.Release|x64.Build.0 = Release|Any CPU
		{9418F8D2-A4BB-4A69-A2DC-7FD312E49D77}.Release|x86.ActiveCfg = Release|Any CPU
		{9418F8D2-A4BB-4A69-A2DC-7FD312E49D77}.Release|x86.Build.0 = Release|Any CPU
	EndGlobalSection
	GlobalSection(SolutionProperties) = preSolution
		HideSolutionNode = FALSE
	EndGlobalSection
	GlobalSection(ExtensibilityGlobals) = postSolution
		SolutionGuid = {80717CF5-9E50-46E6-8E47-04E88EB429BD}
	EndGlobalSection
EndGlobal
