
Microsoft Visual Studio Solution File, Format Version 12.00
# Visual Studio Version 16
VisualStudioVersion = 16.0.30711.63
MinimumVisualStudioVersion = 10.0.40219.1
Project("{8BC9CEB8-8B4A-11D0-8D11-00A0C91BC942}") = "AudioPlugSharpVst", "AudioPlugSharpVst\AudioPlugSharpVst.vcxproj", "{99BCC0C3-3295-4AF3-A7CF-5ED582D2FD30}"
EndProject
Project("{9A19103F-16F7-4668-BE54-9A1E7A4F7556}") = "AudioPlugSharp", "AudioPlugSharp\AudioPlugSharp.csproj", "{9418F8D2-A4BB-4A69-A2DC-7FD312E49D77}"
EndProject
Project("{2150E333-8FDC-42A3-9474-1A3956D46DE8}") = "vstsdk", "vstsdk", "{BF51B0B5-4A48-449C-B888-0560E85F3D70}"
EndProject
Project("{8BC9CEB8-8B4A-11D0-8D11-00A0C91BC942}") = "sdk", "vstbuild\public.sdk\sdk.vcxproj", "{0E457A07-0E59-35DD-BA1C-904D39085C52}"
EndProject
Project("{8BC9CEB8-8B4A-11D0-8D11-00A0C91BC942}") = "pluginterfaces", "vstbuild\pluginterfaces\pluginterfaces.vcxproj", "{61B1304B-AA25-31A3-83D3-9DE105658B7B}"
EndProject
Project("{8BC9CEB8-8B4A-11D0-8D11-00A0C91BC942}") = "base", "vstbuild\base\base.vcxproj", "{D47CA71A-67FB-39FC-A8D8-C42E728E322D}"
EndProject
Project("{9A19103F-16F7-4668-BE54-9A1E7A4F7556}") = "SimpleExample", "SimpleExample\SimpleExample.csproj", "{4CAC752E-03D5-4D47-AC65-A53ADD73BED9}"
	ProjectSection(ProjectDependencies) = postProject
		{EE48EC6C-2833-458A-8155-8249502F7613} = {EE48EC6C-2833-458A-8155-8249502F7613}
		{99BCC0C3-3295-4AF3-A7CF-5ED582D2FD30} = {99BCC0C3-3295-4AF3-A7CF-5ED582D2FD30}
	EndProjectSection
EndProject
Project("{8BC9CEB8-8B4A-11D0-8D11-00A0C91BC942}") = "sdk_common", "vstbuild\public.sdk\sdk_common.vcxproj", "{D842966E-FE62-3586-A148-214BA9825EE3}"
EndProject
Project("{9A19103F-16F7-4668-BE54-9A1E7A4F7556}") = "AudioPlugSharpWPF", "AudioPlugSharpWPF\AudioPlugSharpWPF.csproj", "{EE48EC6C-2833-458A-8155-8249502F7613}"
	ProjectSection(ProjectDependencies) = postProject
		{9418F8D2-A4BB-4A69-A2DC-7FD312E49D77} = {9418F8D2-A4BB-4A69-A2DC-7FD312E49D77}
	EndProjectSection
EndProject
Project("{2150E333-8FDC-42A3-9474-1A3956D46DE8}") = "ExamplePlugins", "ExamplePlugins", "{F427CAA0-B75D-4186-9B6D-3E97BB729B4C}"
EndProject
Project("{9A19103F-16F7-4668-BE54-9A1E7A4F7556}") = "WPFExample", "WPFExample\WPFExample.csproj", "{E3D78C8F-93BB-43B4-8774-0A3F08594024}"
	ProjectSection(ProjectDependencies) = postProject
		{99BCC0C3-3295-4AF3-A7CF-5ED582D2FD30} = {99BCC0C3-3295-4AF3-A7CF-5ED582D2FD30}
	EndProjectSection
EndProject
Global
	GlobalSection(SolutionConfigurationPlatforms) = preSolution
		Debug|Any CPU = Debug|Any CPU
		Debug|x64 = Debug|x64
		Debug|x86 = Debug|x86
		Release|Any CPU = Release|Any CPU
		Release|x64 = Release|x64
		Release|x86 = Release|x86
	EndGlobalSection
	GlobalSection(ProjectConfigurationPlatforms) = postSolution
		{99BCC0C3-3295-4AF3-A7CF-5ED582D2FD30}.Debug|Any CPU.ActiveCfg = Debug|Win32
		{99BCC0C3-3295-4AF3-A7CF-5ED582D2FD30}.Debug|x64.ActiveCfg = Debug|x64
		{99BCC0C3-3295-4AF3-A7CF-5ED582D2FD30}.Debug|x64.Build.0 = Debug|x64
		{99BCC0C3-3295-4AF3-A7CF-5ED582D2FD30}.Debug|x86.ActiveCfg = Debug|x64
		{99BCC0C3-3295-4AF3-A7CF-5ED582D2FD30}.Debug|x86.Build.0 = Debug|x64
		{99BCC0C3-3295-4AF3-A7CF-5ED582D2FD30}.Release|Any CPU.ActiveCfg = Release|Win32
		{99BCC0C3-3295-4AF3-A7CF-5ED582D2FD30}.Release|x64.ActiveCfg = Release|x64
		{99BCC0C3-3295-4AF3-A7CF-5ED582D2FD30}.Release|x64.Build.0 = Release|x64
		{99BCC0C3-3295-4AF3-A7CF-5ED582D2FD30}.Release|x86.ActiveCfg = Release|Win32
		{99BCC0C3-3295-4AF3-A7CF-5ED582D2FD30}.Release|x86.Build.0 = Release|Win32
		{9418F8D2-A4BB-4A69-A2DC-7FD312E49D77}.Debug|Any CPU.ActiveCfg = Debug|Any CPU
		{9418F8D2-A4BB-4A69-A2DC-7FD312E49D77}.Debug|Any CPU.Build.0 = Debug|Any CPU
		{9418F8D2-A4BB-4A69-A2DC-7FD312E49D77}.Debug|x64.ActiveCfg = Debug|Any CPU
		{9418F8D2-A4BB-4A69-A2DC-7FD312E49D77}.Debug|x64.Build.0 = Debug|Any CPU
		{9418F8D2-A4BB-4A69-A2DC-7FD312E49D77}.Debug|x86.ActiveCfg = Debug|Any CPU
		{9418F8D2-A4BB-4A69-A2DC-7FD312E49D77}.Debug|x86.Build.0 = Debug|Any CPU
		{9418F8D2-A4BB-4A69-A2DC-7FD312E49D77}.Release|Any CPU.ActiveCfg = Release|Any CPU
		{9418F8D2-A4BB-4A69-A2DC-7FD312E49D77}.Release|Any CPU.Build.0 = Release|Any CPU
		{9418F8D2-A4BB-4A69-A2DC-7FD312E49D77}.Release|x64.ActiveCfg = Release|Any CPU
		{9418F8D2-A4BB-4A69-A2DC-7FD312E49D77}.Release|x64.Build.0 = Release|Any CPU
		{9418F8D2-A4BB-4A69-A2DC-7FD312E49D77}.Release|x86.ActiveCfg = Release|Any CPU
		{9418F8D2-A4BB-4A69-A2DC-7FD312E49D77}.Release|x86.Build.0 = Release|Any CPU
		{0E457A07-0E59-35DD-BA1C-904D39085C52}.Debug|Any CPU.ActiveCfg = Debug|x64
		{0E457A07-0E59-35DD-BA1C-904D39085C52}.Debug|x64.ActiveCfg = Debug|x64
		{0E457A07-0E59-35DD-BA1C-904D39085C52}.Debug|x64.Build.0 = Debug|x64
		{0E457A07-0E59-35DD-BA1C-904D39085C52}.Debug|x86.ActiveCfg = Debug|x64
		{0E457A07-0E59-35DD-BA1C-904D39085C52}.Debug|x86.Build.0 = Debug|x64
		{0E457A07-0E59-35DD-BA1C-904D39085C52}.Release|Any CPU.ActiveCfg = Release|x64
		{0E457A07-0E59-35DD-BA1C-904D39085C52}.Release|x64.ActiveCfg = Release|x64
		{0E457A07-0E59-35DD-BA1C-904D39085C52}.Release|x64.Build.0 = Release|x64
		{0E457A07-0E59-35DD-BA1C-904D39085C52}.Release|x86.ActiveCfg = Release|x64
		{61B1304B-AA25-31A3-83D3-9DE105658B7B}.Debug|Any CPU.ActiveCfg = Debug|x64
		{61B1304B-AA25-31A3-83D3-9DE105658B7B}.Debug|x64.ActiveCfg = Debug|x64
		{61B1304B-AA25-31A3-83D3-9DE105658B7B}.Debug|x64.Build.0 = Debug|x64
		{61B1304B-AA25-31A3-83D3-9DE105658B7B}.Debug|x86.ActiveCfg = Debug|x64
		{61B1304B-AA25-31A3-83D3-9DE105658B7B}.Debug|x86.Build.0 = Debug|x64
		{61B1304B-AA25-31A3-83D3-9DE105658B7B}.Release|Any CPU.ActiveCfg = Release|x64
		{61B1304B-AA25-31A3-83D3-9DE105658B7B}.Release|x64.ActiveCfg = Release|x64
		{61B1304B-AA25-31A3-83D3-9DE105658B7B}.Release|x64.Build.0 = Release|x64
		{61B1304B-AA25-31A3-83D3-9DE105658B7B}.Release|x86.ActiveCfg = Release|x64
		{D47CA71A-67FB-39FC-A8D8-C42E728E322D}.Debug|Any CPU.ActiveCfg = Debug|x64
		{D47CA71A-67FB-39FC-A8D8-C42E728E322D}.Debug|x64.ActiveCfg = Debug|x64
		{D47CA71A-67FB-39FC-A8D8-C42E728E322D}.Debug|x64.Build.0 = Debug|x64
		{D47CA71A-67FB-39FC-A8D8-C42E728E322D}.Debug|x86.ActiveCfg = Debug|x64
		{D47CA71A-67FB-39FC-A8D8-C42E728E322D}.Debug|x86.Build.0 = Debug|x64
		{D47CA71A-67FB-39FC-A8D8-C42E728E322D}.Release|Any CPU.ActiveCfg = Release|x64
		{D47CA71A-67FB-39FC-A8D8-C42E728E322D}.Release|x64.ActiveCfg = Release|x64
		{D47CA71A-67FB-39FC-A8D8-C42E728E322D}.Release|x64.Build.0 = Release|x64
		{D47CA71A-67FB-39FC-A8D8-C42E728E322D}.Release|x86.ActiveCfg = Release|x64
		{4CAC752E-03D5-4D47-AC65-A53ADD73BED9}.Debug|Any CPU.ActiveCfg = Debug|Any CPU
		{4CAC752E-03D5-4D47-AC65-A53ADD73BED9}.Debug|Any CPU.Build.0 = Debug|Any CPU
		{4CAC752E-03D5-4D47-AC65-A53ADD73BED9}.Debug|x64.ActiveCfg = Debug|Any CPU
		{4CAC752E-03D5-4D47-AC65-A53ADD73BED9}.Debug|x64.Build.0 = Debug|Any CPU
		{4CAC752E-03D5-4D47-AC65-A53ADD73BED9}.Debug|x86.ActiveCfg = Debug|Any CPU
		{4CAC752E-03D5-4D47-AC65-A53ADD73BED9}.Debug|x86.Build.0 = Debug|Any CPU
		{4CAC752E-03D5-4D47-AC65-A53ADD73BED9}.Release|Any CPU.ActiveCfg = Release|Any CPU
		{4CAC752E-03D5-4D47-AC65-A53ADD73BED9}.Release|Any CPU.Build.0 = Release|Any CPU
		{4CAC752E-03D5-4D47-AC65-A53ADD73BED9}.Release|x64.ActiveCfg = Release|Any CPU
		{4CAC752E-03D5-4D47-AC65-A53ADD73BED9}.Release|x64.Build.0 = Release|Any CPU
		{4CAC752E-03D5-4D47-AC65-A53ADD73BED9}.Release|x86.ActiveCfg = Release|Any CPU
		{4CAC752E-03D5-4D47-AC65-A53ADD73BED9}.Release|x86.Build.0 = Release|Any CPU
		{D842966E-FE62-3586-A148-214BA9825EE3}.Debug|Any CPU.ActiveCfg = Debug|x64
		{D842966E-FE62-3586-A148-214BA9825EE3}.Debug|x64.ActiveCfg = Debug|x64
		{D842966E-FE62-3586-A148-214BA9825EE3}.Debug|x64.Build.0 = Debug|x64
		{D842966E-FE62-3586-A148-214BA9825EE3}.Debug|x86.ActiveCfg = Debug|x64
		{D842966E-FE62-3586-A148-214BA9825EE3}.Release|Any CPU.ActiveCfg = Release|x64
		{D842966E-FE62-3586-A148-214BA9825EE3}.Release|x64.ActiveCfg = Release|x64
		{D842966E-FE62-3586-A148-214BA9825EE3}.Release|x64.Build.0 = Release|x64
		{D842966E-FE62-3586-A148-214BA9825EE3}.Release|x86.ActiveCfg = Release|x64
		{EE48EC6C-2833-458A-8155-8249502F7613}.Debug|Any CPU.ActiveCfg = Debug|Any CPU
		{EE48EC6C-2833-458A-8155-8249502F7613}.Debug|Any CPU.Build.0 = Debug|Any CPU
		{EE48EC6C-2833-458A-8155-8249502F7613}.Debug|x64.ActiveCfg = Debug|Any CPU
		{EE48EC6C-2833-458A-8155-8249502F7613}.Debug|x64.Build.0 = Debug|Any CPU
		{EE48EC6C-2833-458A-8155-8249502F7613}.Debug|x86.ActiveCfg = Debug|Any CPU
		{EE48EC6C-2833-458A-8155-8249502F7613}.Debug|x86.Build.0 = Debug|Any CPU
		{EE48EC6C-2833-458A-8155-8249502F7613}.Release|Any CPU.ActiveCfg = Release|Any CPU
		{EE48EC6C-2833-458A-8155-8249502F7613}.Release|Any CPU.Build.0 = Release|Any CPU
		{EE48EC6C-2833-458A-8155-8249502F7613}.Release|x64.ActiveCfg = Release|Any CPU
		{EE48EC6C-2833-458A-8155-8249502F7613}.Release|x64.Build.0 = Release|Any CPU
		{EE48EC6C-2833-458A-8155-8249502F7613}.Release|x86.ActiveCfg = Release|Any CPU
		{EE48EC6C-2833-458A-8155-8249502F7613}.Release|x86.Build.0 = Release|Any CPU
		{E3D78C8F-93BB-43B4-8774-0A3F08594024}.Debug|Any CPU.ActiveCfg = Debug|Any CPU
		{E3D78C8F-93BB-43B4-8774-0A3F08594024}.Debug|Any CPU.Build.0 = Debug|Any CPU
		{E3D78C8F-93BB-43B4-8774-0A3F08594024}.Debug|x64.ActiveCfg = Debug|Any CPU
		{E3D78C8F-93BB-43B4-8774-0A3F08594024}.Debug|x64.Build.0 = Debug|Any CPU
		{E3D78C8F-93BB-43B4-8774-0A3F08594024}.Debug|x86.ActiveCfg = Debug|Any CPU
		{E3D78C8F-93BB-43B4-8774-0A3F08594024}.Debug|x86.Build.0 = Debug|Any CPU
		{E3D78C8F-93BB-43B4-8774-0A3F08594024}.Release|Any CPU.ActiveCfg = Release|Any CPU
		{E3D78C8F-93BB-43B4-8774-0A3F08594024}.Release|Any CPU.Build.0 = Release|Any CPU
		{E3D78C8F-93BB-43B4-8774-0A3F08594024}.Release|x64.ActiveCfg = Release|Any CPU
		{E3D78C8F-93BB-43B4-8774-0A3F08594024}.Release|x64.Build.0 = Release|Any CPU
		{E3D78C8F-93BB-43B4-8774-0A3F08594024}.Release|x86.ActiveCfg = Release|Any CPU
		{E3D78C8F-93BB-43B4-8774-0A3F08594024}.Release|x86.Build.0 = Release|Any CPU
	EndGlobalSection
	GlobalSection(SolutionProperties) = preSolution
		HideSolutionNode = FALSE
	EndGlobalSection
	GlobalSection(NestedProjects) = preSolution
		{0E457A07-0E59-35DD-BA1C-904D39085C52} = {BF51B0B5-4A48-449C-B888-0560E85F3D70}
		{61B1304B-AA25-31A3-83D3-9DE105658B7B} = {BF51B0B5-4A48-449C-B888-0560E85F3D70}
		{D47CA71A-67FB-39FC-A8D8-C42E728E322D} = {BF51B0B5-4A48-449C-B888-0560E85F3D70}
		{4CAC752E-03D5-4D47-AC65-A53ADD73BED9} = {F427CAA0-B75D-4186-9B6D-3E97BB729B4C}
		{D842966E-FE62-3586-A148-214BA9825EE3} = {BF51B0B5-4A48-449C-B888-0560E85F3D70}
		{E3D78C8F-93BB-43B4-8774-0A3F08594024} = {F427CAA0-B75D-4186-9B6D-3E97BB729B4C}
	EndGlobalSection
	GlobalSection(ExtensibilityGlobals) = postSolution
		SolutionGuid = {80717CF5-9E50-46E6-8E47-04E88EB429BD}
	EndGlobalSection
EndGlobal
